
Microsoft Visual Studio Solution File, Format Version 12.00
# Visual Studio Version 16
VisualStudioVersion = 16.0.30907.101
MinimumVisualStudioVersion = 10.0.40219.1
Project("{FAE04EC0-301F-11D3-BF4B-00C04F79EFBC}") = "StatsSimulator", "StatsSimulator\StatsSimulator.csproj", "{133F1D9B-839A-4A2C-857D-D67082FD85DC}"
EndProject
Project("{FAE04EC0-301F-11D3-BF4B-00C04F79EFBC}") = "ConsoleSimulation", "ConsoleSimulation\ConsoleSimulation.csproj", "{2D3853D3-2162-4CA7-A72C-A2A1C0549C9B}"
EndProject
Project("{FAE04EC0-301F-11D3-BF4B-00C04F79EFBC}") = "StatsSimulator.Test", "..\StatsSimulator.Test\StatsSimulator.Test.csproj", "{52735973-0C9F-4569-A516-3695E3EC4F61}"
EndProject
Global
	GlobalSection(SolutionConfigurationPlatforms) = preSolution
		Debug|Any CPU = Debug|Any CPU
		Release|Any CPU = Release|Any CPU
	EndGlobalSection
	GlobalSection(ProjectConfigurationPlatforms) = postSolution
		{133F1D9B-839A-4A2C-857D-D67082FD85DC}.Debug|Any CPU.ActiveCfg = Debug|Any CPU
		{133F1D9B-839A-4A2C-857D-D67082FD85DC}.Debug|Any CPU.Build.0 = Debug|Any CPU
		{133F1D9B-839A-4A2C-857D-D67082FD85DC}.Release|Any CPU.ActiveCfg = Release|Any CPU
		{133F1D9B-839A-4A2C-857D-D67082FD85DC}.Release|Any CPU.Build.0 = Release|Any CPU
		{2D3853D3-2162-4CA7-A72C-A2A1C0549C9B}.Debug|Any CPU.ActiveCfg = Debug|Any CPU
		{2D3853D3-2162-4CA7-A72C-A2A1C0549C9B}.Debug|Any CPU.Build.0 = Debug|Any CPU
		{2D3853D3-2162-4CA7-A72C-A2A1C0549C9B}.Release|Any CPU.ActiveCfg = Release|Any CPU
		{2D3853D3-2162-4CA7-A72C-A2A1C0549C9B}.Release|Any CPU.Build.0 = Release|Any CPU
		{52735973-0C9F-4569-A516-3695E3EC4F61}.Debug|Any CPU.ActiveCfg = Debug|Any CPU
		{52735973-0C9F-4569-A516-3695E3EC4F61}.Debug|Any CPU.Build.0 = Debug|Any CPU
		{52735973-0C9F-4569-A516-3695E3EC4F61}.Release|Any CPU.ActiveCfg = Release|Any CPU
		{52735973-0C9F-4569-A516-3695E3EC4F61}.Release|Any CPU.Build.0 = Release|Any CPU
	EndGlobalSection
	GlobalSection(SolutionProperties) = preSolution
		HideSolutionNode = FALSE
	EndGlobalSection
	GlobalSection(ExtensibilityGlobals) = postSolution
		SolutionGuid = {3A435926-CCD9-4118-987D-51BF313FE82F}
	EndGlobalSection
EndGlobal
